
Microsoft Visual Studio Solution File, Format Version 12.00
# Visual Studio Version 17
VisualStudioVersion = 17.11.35327.3
MinimumVisualStudioVersion = 10.0.40219.1
Project("{F184B08F-C81C-45F6-A57F-5ABD9991F28F}") = "WebJob2", "WebJob2\WebJob2.vbproj", "{933B523F-F4FD-44A1-BE38-CF9E7C40E55D}"
EndProject
Global
	GlobalSection(SolutionConfigurationPlatforms) = preSolution
		Debug|Any CPU = Debug|Any CPU
		Release|Any CPU = Release|Any CPU
	EndGlobalSection
	GlobalSection(ProjectConfigurationPlatforms) = postSolution
		{933B523F-F4FD-44A1-BE38-CF9E7C40E55D}.Debug|Any CPU.ActiveCfg = Debug|Any CPU
		{933B523F-F4FD-44A1-BE38-CF9E7C40E55D}.Debug|Any CPU.Build.0 = Debug|Any CPU
		{933B523F-F4FD-44A1-BE38-CF9E7C40E55D}.Release|Any CPU.ActiveCfg = Release|Any CPU
		{933B523F-F4FD-44A1-BE38-CF9E7C40E55D}.Release|Any CPU.Build.0 = Release|Any CPU
	EndGlobalSection
	GlobalSection(SolutionProperties) = preSolution
		HideSolutionNode = FALSE
	EndGlobalSection
	GlobalSection(ExtensibilityGlobals) = postSolution
		SolutionGuid = {427C9782-193B-4859-A95A-7B43947910F1}
	EndGlobalSection
EndGlobal
